
Microsoft Visual Studio Solution File, Format Version 12.00
# Visual Studio Version 16
VisualStudioVersion = 16.0.31727.386
MinimumVisualStudioVersion = 10.0.40219.1
Project("{9A19103F-16F7-4668-BE54-9A1E7A4F7556}") = "LoginPage", "LoginPage.csproj", "{00391E13-DD46-4AB3-B83D-587849D74F46}"
EndProject
Global
	GlobalSection(SolutionConfigurationPlatforms) = preSolution
		Debug|Any CPU = Debug|Any CPU
		Release|Any CPU = Release|Any CPU
	EndGlobalSection
	GlobalSection(ProjectConfigurationPlatforms) = postSolution
		{00391E13-DD46-4AB3-B83D-587849D74F46}.Debug|Any CPU.ActiveCfg = Debug|Any CPU
		{00391E13-DD46-4AB3-B83D-587849D74F46}.Debug|Any CPU.Build.0 = Debug|Any CPU
		{00391E13-DD46-4AB3-B83D-587849D74F46}.Release|Any CPU.ActiveCfg = Release|Any CPU
		{00391E13-DD46-4AB3-B83D-587849D74F46}.Release|Any CPU.Build.0 = Release|Any CPU
	EndGlobalSection
	GlobalSection(SolutionProperties) = preSolution
		HideSolutionNode = FALSE
	EndGlobalSection
	GlobalSection(ExtensibilityGlobals) = postSolution
		SolutionGuid = {79FA4D36-691C-4B8F-821C-C5FAFE9FDC40}
	EndGlobalSection
EndGlobal
